
Microsoft Visual Studio Solution File, Format Version 12.00
# Visual Studio 14
VisualStudioVersion = 14.0.25420.1
MinimumVisualStudioVersion = 10.0.40219.1
Project("{FAE04EC0-301F-11D3-BF4B-00C04F79EFBC}") = "Producer", "Producer\Producer.csproj", "{488A6255-DE2B-45A6-B5D8-2C568C7A78A4}"
EndProject
Project("{FAE04EC0-301F-11D3-BF4B-00C04F79EFBC}") = "Consumer", "Consumer\Consumer.csproj", "{8429FF2A-B794-48B6-A798-D34A03D6B5FA}"
EndProject
Global
	GlobalSection(SolutionConfigurationPlatforms) = preSolution
		Debug|Any CPU = Debug|Any CPU
		Release|Any CPU = Release|Any CPU
	EndGlobalSection
	GlobalSection(ProjectConfigurationPlatforms) = postSolution
		{488A6255-DE2B-45A6-B5D8-2C568C7A78A4}.Debug|Any CPU.ActiveCfg = Debug|Any CPU
		{488A6255-DE2B-45A6-B5D8-2C568C7A78A4}.Debug|Any CPU.Build.0 = Debug|Any CPU
		{488A6255-DE2B-45A6-B5D8-2C568C7A78A4}.Release|Any CPU.ActiveCfg = Release|Any CPU
		{488A6255-DE2B-45A6-B5D8-2C568C7A78A4}.Release|Any CPU.Build.0 = Release|Any CPU
		{8429FF2A-B794-48B6-A798-D34A03D6B5FA}.Debug|Any CPU.ActiveCfg = Debug|Any CPU
		{8429FF2A-B794-48B6-A798-D34A03D6B5FA}.Debug|Any CPU.Build.0 = Debug|Any CPU
		{8429FF2A-B794-48B6-A798-D34A03D6B5FA}.Release|Any CPU.ActiveCfg = Release|Any CPU
		{8429FF2A-B794-48B6-A798-D34A03D6B5FA}.Release|Any CPU.Build.0 = Release|Any CPU
	EndGlobalSection
	GlobalSection(SolutionProperties) = preSolution
		HideSolutionNode = FALSE
	EndGlobalSection
EndGlobal
